{
  "name": "typescript-angular",
  "lockfileVersion": 2,
  "requires": true,
  "packages": {
    "": {
      "dependencies": {
        "angular": "^1.8.2",
        "todomvc-app-css": "^2.4.1",
        "todomvc-common": "^1.0.5"
      },
      "devDependencies": {
        "typescript": "^1.5.0-alpha"
      }
    },
    "node_modules/angular": {
      "version": "1.8.2",
      "integrity": "sha512-IauMOej2xEe7/7Ennahkbb5qd/HFADiNuLSESz9Q27inmi32zB0lnAsFeLEWcox3Gd1F6YhNd1CP7/9IukJ0Gw=="
    },
    "node_modules/todomvc-app-css": {
      "version": "2.4.1",
      "integrity": "sha512-1mZYRG435VmqIw1WahBYhAJbyfH4HnRNI8EgF4ypK4R1RjwgBBvXd0N57ZwCa1lbHzYBraA6+dVyAg3GAPEACQ=="
    },
    "node_modules/todomvc-common": {
      "version": "1.0.5",
      "integrity": "sha512-D8kEJmxVMQIWwztEdH+WeiAfXRbbSCpgXq4NkYi+gduJ2tr8CNq7sYLfJvjpQ10KD9QxJwig57rvMbV2QAESwQ=="
    },
    "node_modules/typescript": {
      "version": "1.8.10",
      "integrity": "sha1-tHXW4N/wv1DyluXKbvn7tccyDx4=",
      "dev": true,
      "bin": {
        "tsc": "bin/tsc",
        "tsserver": "bin/tsserver"
      },
      "engines": {
        "node": ">=0.8.0"
      }
    }
  },
  "dependencies": {
    "angular": {
      "version": "1.8.2"
    },
    "todomvc-app-css": {
      "version": "2.4.1"
    },
    "todomvc-common": {
      "version": "1.0.5"
    },
    "typescript": {
      "version": "1.8.10",
      "dev": true
    }
  }
}
