{
  "name": "typescript-backbone",
  "lockfileVersion": 2,
  "requires": true,
  "packages": {
    "": {
      "dependencies": {
        "backbone": "^1.1.2",
        "backbone.localstorage": "^1.1.16",
        "jquery": "^3.5.0",
        "lodash": "^3.1.0",
        "todomvc-app-css": "^2.0.0",
        "todomvc-common": "^1.0.1"
      },
      "devDependencies": {
        "typescript": "^1.4.0"
      }
    },
    "node_modules/backbone": {
      "version": "1.4.0",
      "integrity": "sha512-RLmDrRXkVdouTg38jcgHhyQ/2zjg7a8E6sz2zxfz21Hh17xDJYUHBZimVIt5fUyS8vbfpeSmTL3gUjTEvUV3qQ==",
      "dependencies": {
        "underscore": ">=1.8.3"
      }
    },
    "node_modules/backbone.localstorage": {
      "version": "1.1.16",
      "integrity": "sha1-PfUQHZOrzuBPMmA1VA9CXdBIeRY=",
      "engines": {
        "node": "*"
      },
      "peerDependencies": {
        "backbone": "~1.x.x"
      }
    },
    "node_modules/jquery": {
      "version": "3.5.0",
      "resolved": "https://registry.npmjs.org/jquery/-/jquery-3.5.0.tgz",
      "integrity": "sha512-Xb7SVYMvygPxbFMpTFQiHh1J7HClEaThguL15N/Gg37Lri/qKyhRGZYzHRyLH8Stq3Aow0LsHO2O2ci86fCrNQ=="
    },
    "node_modules/lodash": {
      "version": "3.10.1",
      "integrity": "sha1-W/Rejkm6QYnhfUgnid/RW9FAt7Y="
    },
    "node_modules/todomvc-app-css": {
      "version": "2.4.1",
      "integrity": "sha512-1mZYRG435VmqIw1WahBYhAJbyfH4HnRNI8EgF4ypK4R1RjwgBBvXd0N57ZwCa1lbHzYBraA6+dVyAg3GAPEACQ=="
    },
    "node_modules/todomvc-common": {
      "version": "1.0.5",
      "integrity": "sha512-D8kEJmxVMQIWwztEdH+WeiAfXRbbSCpgXq4NkYi+gduJ2tr8CNq7sYLfJvjpQ10KD9QxJwig57rvMbV2QAESwQ=="
    },
    "node_modules/typescript": {
      "version": "1.8.10",
      "integrity": "sha1-tHXW4N/wv1DyluXKbvn7tccyDx4=",
      "dev": true,
      "bin": {
        "tsc": "bin/tsc",
        "tsserver": "bin/tsserver"
      },
      "engines": {
        "node": ">=0.8.0"
      }
    },
    "node_modules/underscore": {
      "version": "1.13.1",
      "integrity": "sha512-hzSoAVtJF+3ZtiFX0VgfFPHEDRm7Y/QPjGyNo4TVdnDTdft3tr8hEkD25a1jC+TjTuE7tkHGKkhwCgs9dgBB2g=="
    }
  },
  "dependencies": {
    "backbone": {
      "version": "1.4.0",
      "integrity": "sha512-RLmDrRXkVdouTg38jcgHhyQ/2zjg7a8E6sz2zxfz21Hh17xDJYUHBZimVIt5fUyS8vbfpeSmTL3gUjTEvUV3qQ==",
      "requires": {
        "underscore": ">=1.8.3"
      }
    },
    "backbone.localstorage": {
      "version": "1.1.16",
      "integrity": "sha1-PfUQHZOrzuBPMmA1VA9CXdBIeRY=",
      "requires": {}
    },
    "jquery": {
      "version": "3.5.0",
      "resolved": "https://registry.npmjs.org/jquery/-/jquery-3.5.0.tgz",
      "integrity": "sha512-Xb7SVYMvygPxbFMpTFQiHh1J7HClEaThguL15N/Gg37Lri/qKyhRGZYzHRyLH8Stq3Aow0LsHO2O2ci86fCrNQ=="
    },
    "lodash": {
      "version": "3.10.1",
      "integrity": "sha1-W/Rejkm6QYnhfUgnid/RW9FAt7Y="
    },
    "todomvc-app-css": {
      "version": "2.4.1",
      "integrity": "sha512-1mZYRG435VmqIw1WahBYhAJbyfH4HnRNI8EgF4ypK4R1RjwgBBvXd0N57ZwCa1lbHzYBraA6+dVyAg3GAPEACQ=="
    },
    "todomvc-common": {
      "version": "1.0.5",
      "integrity": "sha512-D8kEJmxVMQIWwztEdH+WeiAfXRbbSCpgXq4NkYi+gduJ2tr8CNq7sYLfJvjpQ10KD9QxJwig57rvMbV2QAESwQ=="
    },
    "typescript": {
      "version": "1.8.10",
      "integrity": "sha1-tHXW4N/wv1DyluXKbvn7tccyDx4=",
      "dev": true
    },
    "underscore": {
      "version": "1.13.1",
      "integrity": "sha512-hzSoAVtJF+3ZtiFX0VgfFPHEDRm7Y/QPjGyNo4TVdnDTdft3tr8hEkD25a1jC+TjTuE7tkHGKkhwCgs9dgBB2g=="
    }
  }
}
